
Microsoft Visual Studio Solution File, Format Version 12.00
# Visual Studio Version 17
VisualStudioVersion = 17.2.32630.192
MinimumVisualStudioVersion = 10.0.40219.1
Project("{2150E333-8FDC-42A3-9474-1A3956D46DE8}") = "Chapter2", "Chapter2", "{888D3E85-DB1A-4DE0-A1BE-12E785FE27D1}"
EndProject
Project("{9A19103F-16F7-4668-BE54-9A1E7A4F7556}") = "LogAn", "LogAn\LogAn.csproj", "{D7BEAF08-5166-4DCA-8545-B30B3912CB68}"
EndProject
Project("{9A19103F-16F7-4668-BE54-9A1E7A4F7556}") = "LogAn.Tests", "LogAn.Tests\LogAn.Tests.csproj", "{E232915E-9822-45F1-A743-6BF6A88B5C50}"
EndProject
Project("{9A19103F-16F7-4668-BE54-9A1E7A4F7556}") = "Estacionamento.Testes", "Estacionamento.Testes\Estacionamento.Testes.csproj", "{3F8AAF46-B1E0-4198-A83A-E8A6D345A960}"
EndProject
Project("{FAE04EC0-301F-11D3-BF4B-00C04F79EFBC}") = "Estacionamento", "Estacionamento\Estacionamento.csproj", "{D61C2AC6-B378-4391-953A-9E355B2234BC}"
EndProject
Global
	GlobalSection(SolutionConfigurationPlatforms) = preSolution
		Debug|Any CPU = Debug|Any CPU
		Release|Any CPU = Release|Any CPU
	EndGlobalSection
	GlobalSection(ProjectConfigurationPlatforms) = postSolution
		{D7BEAF08-5166-4DCA-8545-B30B3912CB68}.Debug|Any CPU.ActiveCfg = Debug|Any CPU
		{D7BEAF08-5166-4DCA-8545-B30B3912CB68}.Debug|Any CPU.Build.0 = Debug|Any CPU
		{D7BEAF08-5166-4DCA-8545-B30B3912CB68}.Release|Any CPU.ActiveCfg = Release|Any CPU
		{D7BEAF08-5166-4DCA-8545-B30B3912CB68}.Release|Any CPU.Build.0 = Release|Any CPU
		{E232915E-9822-45F1-A743-6BF6A88B5C50}.Debug|Any CPU.ActiveCfg = Debug|Any CPU
		{E232915E-9822-45F1-A743-6BF6A88B5C50}.Debug|Any CPU.Build.0 = Debug|Any CPU
		{E232915E-9822-45F1-A743-6BF6A88B5C50}.Release|Any CPU.ActiveCfg = Release|Any CPU
		{E232915E-9822-45F1-A743-6BF6A88B5C50}.Release|Any CPU.Build.0 = Release|Any CPU
		{3F8AAF46-B1E0-4198-A83A-E8A6D345A960}.Debug|Any CPU.ActiveCfg = Debug|Any CPU
		{3F8AAF46-B1E0-4198-A83A-E8A6D345A960}.Debug|Any CPU.Build.0 = Debug|Any CPU
		{3F8AAF46-B1E0-4198-A83A-E8A6D345A960}.Release|Any CPU.ActiveCfg = Release|Any CPU
		{3F8AAF46-B1E0-4198-A83A-E8A6D345A960}.Release|Any CPU.Build.0 = Release|Any CPU
		{D61C2AC6-B378-4391-953A-9E355B2234BC}.Debug|Any CPU.ActiveCfg = Debug|Any CPU
		{D61C2AC6-B378-4391-953A-9E355B2234BC}.Debug|Any CPU.Build.0 = Debug|Any CPU
		{D61C2AC6-B378-4391-953A-9E355B2234BC}.Release|Any CPU.ActiveCfg = Release|Any CPU
		{D61C2AC6-B378-4391-953A-9E355B2234BC}.Release|Any CPU.Build.0 = Release|Any CPU
	EndGlobalSection
	GlobalSection(SolutionProperties) = preSolution
		HideSolutionNode = FALSE
	EndGlobalSection
	GlobalSection(NestedProjects) = preSolution
		{D7BEAF08-5166-4DCA-8545-B30B3912CB68} = {888D3E85-DB1A-4DE0-A1BE-12E785FE27D1}
		{E232915E-9822-45F1-A743-6BF6A88B5C50} = {888D3E85-DB1A-4DE0-A1BE-12E785FE27D1}
	EndGlobalSection
	GlobalSection(ExtensibilityGlobals) = postSolution
		SolutionGuid = {57B3A966-AB04-4CD8-901B-B21BD27AE34D}
	EndGlobalSection
EndGlobal
